
Microsoft Visual Studio Solution File, Format Version 12.00
# Visual Studio Version 16
VisualStudioVersion = 16.0.28803.202
MinimumVisualStudioVersion = 10.0.40219.1
Project("{9A19103F-16F7-4668-BE54-9A1E7A4F7556}") = "AddMicroservice", "AddMicroservice\AddMicroservice.csproj", "{EC56ADBE-1867-4276-9837-86E3409ABE8E}"
EndProject
Project("{9A19103F-16F7-4668-BE54-9A1E7A4F7556}") = "AddMicroservice.Application", "Application\AddMicroservice.Application.csproj", "{1396332E-1E08-4AB5-B501-1CB399049628}"
EndProject
Project("{9A19103F-16F7-4668-BE54-9A1E7A4F7556}") = "AddMicroservice.Application.Tests", "Application.Test\AddMicroservice.Application.Tests.csproj", "{E06C1AD0-3B8E-4CC3-A1C7-543EC3328D2D}"
EndProject
Project("{2150E333-8FDC-42A3-9474-1A3956D46DE8}") = "_Common", "_Common", "{23B62DFD-11D0-4B53-87E2-C53D6C201DCB}"
EndProject
Project("{9A19103F-16F7-4668-BE54-9A1E7A4F7556}") = "Common.Web", "..\Common\Common.Web\Common.Web.csproj", "{F8485D9B-4267-479E-BAAB-0B34FE14638F}"
EndProject
Global
	GlobalSection(SolutionConfigurationPlatforms) = preSolution
		Debug|Any CPU = Debug|Any CPU
		Release|Any CPU = Release|Any CPU
	EndGlobalSection
	GlobalSection(ProjectConfigurationPlatforms) = postSolution
		{EC56ADBE-1867-4276-9837-86E3409ABE8E}.Debug|Any CPU.ActiveCfg = Debug|Any CPU
		{EC56ADBE-1867-4276-9837-86E3409ABE8E}.Debug|Any CPU.Build.0 = Debug|Any CPU
		{EC56ADBE-1867-4276-9837-86E3409ABE8E}.Release|Any CPU.ActiveCfg = Release|Any CPU
		{EC56ADBE-1867-4276-9837-86E3409ABE8E}.Release|Any CPU.Build.0 = Release|Any CPU
		{1396332E-1E08-4AB5-B501-1CB399049628}.Debug|Any CPU.ActiveCfg = Debug|Any CPU
		{1396332E-1E08-4AB5-B501-1CB399049628}.Debug|Any CPU.Build.0 = Debug|Any CPU
		{1396332E-1E08-4AB5-B501-1CB399049628}.Release|Any CPU.ActiveCfg = Release|Any CPU
		{1396332E-1E08-4AB5-B501-1CB399049628}.Release|Any CPU.Build.0 = Release|Any CPU
		{E06C1AD0-3B8E-4CC3-A1C7-543EC3328D2D}.Debug|Any CPU.ActiveCfg = Debug|Any CPU
		{E06C1AD0-3B8E-4CC3-A1C7-543EC3328D2D}.Debug|Any CPU.Build.0 = Debug|Any CPU
		{E06C1AD0-3B8E-4CC3-A1C7-543EC3328D2D}.Release|Any CPU.ActiveCfg = Release|Any CPU
		{E06C1AD0-3B8E-4CC3-A1C7-543EC3328D2D}.Release|Any CPU.Build.0 = Release|Any CPU
		{F8485D9B-4267-479E-BAAB-0B34FE14638F}.Debug|Any CPU.ActiveCfg = Debug|Any CPU
		{F8485D9B-4267-479E-BAAB-0B34FE14638F}.Debug|Any CPU.Build.0 = Debug|Any CPU
		{F8485D9B-4267-479E-BAAB-0B34FE14638F}.Release|Any CPU.ActiveCfg = Release|Any CPU
		{F8485D9B-4267-479E-BAAB-0B34FE14638F}.Release|Any CPU.Build.0 = Release|Any CPU
	EndGlobalSection
	GlobalSection(SolutionProperties) = preSolution
		HideSolutionNode = FALSE
	EndGlobalSection
	GlobalSection(NestedProjects) = preSolution
		{F8485D9B-4267-479E-BAAB-0B34FE14638F} = {23B62DFD-11D0-4B53-87E2-C53D6C201DCB}
	EndGlobalSection
	GlobalSection(ExtensibilityGlobals) = postSolution
		SolutionGuid = {34E27120-FAB7-4CE7-B1CE-5C748FD6E398}
	EndGlobalSection
EndGlobal
