
Microsoft Visual Studio Solution File, Format Version 12.00
# Visual Studio Version 16
VisualStudioVersion = 16.0.28803.202
MinimumVisualStudioVersion = 10.0.40219.1
Project("{9A19103F-16F7-4668-BE54-9A1E7A4F7556}") = "DiscoveryService", "DiscoveryService\DiscoveryService.csproj", "{D71EE719-B514-452D-9931-484BBF48280E}"
EndProject
Project("{9A19103F-16F7-4668-BE54-9A1E7A4F7556}") = "DiscoveryService.Application", "DiscoveryService.Application\DiscoveryService.Application.csproj", "{F4BEB95B-476B-4FC9-A7FC-4AC039A3A71F}"
EndProject
Project("{9A19103F-16F7-4668-BE54-9A1E7A4F7556}") = "DiscoveryService.Application.Tests", "DiscoveryService.Application.Tests\DiscoveryService.Application.Tests.csproj", "{C61C11B2-C317-4F1F-9175-4B9C83339714}"
EndProject
Project("{2150E333-8FDC-42A3-9474-1A3956D46DE8}") = "_Common", "_Common", "{0DFD2BA8-9CC7-4F1B-BA73-1F8752E9A183}"
EndProject
Project("{9A19103F-16F7-4668-BE54-9A1E7A4F7556}") = "Common.Web", "..\Common\Common.Web\Common.Web.csproj", "{70E6C40F-1FAD-4F6A-9590-656239CD1988}"
EndProject
Project("{FAE04EC0-301F-11D3-BF4B-00C04F79EFBC}") = "DiscoveryService.Domain", "DiscoveryService.Domain\DiscoveryService.Domain.csproj", "{DB0CA644-04F1-4B00-9986-048DEC92EACC}"
EndProject
Project("{FAE04EC0-301F-11D3-BF4B-00C04F79EFBC}") = "DiscoveryService.Infrastructure", "Infrastructure\DiscoveryService.Infrastructure.csproj", "{5FA46691-B1B9-4340-B088-8EEA1C33724A}"
EndProject
Project("{9A19103F-16F7-4668-BE54-9A1E7A4F7556}") = "Common.Infrastructure", "..\Common\Common.Infrastructure\Common.Infrastructure.csproj", "{4BA59C22-5D8B-4E99-B979-89440BCC4301}"
EndProject
Project("{9A19103F-16F7-4668-BE54-9A1E7A4F7556}") = "Common.Domain", "..\Common\Common.Domain\Common.Domain.csproj", "{D36AFDDB-BB49-4862-ACF9-BE40F6BC6F67}"
EndProject
Project("{2150E333-8FDC-42A3-9474-1A3956D46DE8}") = "_ConfigService", "_ConfigService", "{0603D462-F14D-4B9C-8500-8D32FB274811}"
EndProject
Project("{9A19103F-16F7-4668-BE54-9A1E7A4F7556}") = "ConfigServiceClient", "..\ConfigService\ConfigServiceClient\ConfigServiceClient.csproj", "{AE13D083-7F23-4F2A-9332-944163CD48A3}"
EndProject
Global
	GlobalSection(SolutionConfigurationPlatforms) = preSolution
		Debug|Any CPU = Debug|Any CPU
		Release|Any CPU = Release|Any CPU
	EndGlobalSection
	GlobalSection(ProjectConfigurationPlatforms) = postSolution
		{D71EE719-B514-452D-9931-484BBF48280E}.Debug|Any CPU.ActiveCfg = Debug|Any CPU
		{D71EE719-B514-452D-9931-484BBF48280E}.Debug|Any CPU.Build.0 = Debug|Any CPU
		{D71EE719-B514-452D-9931-484BBF48280E}.Release|Any CPU.ActiveCfg = Release|Any CPU
		{D71EE719-B514-452D-9931-484BBF48280E}.Release|Any CPU.Build.0 = Release|Any CPU
		{F4BEB95B-476B-4FC9-A7FC-4AC039A3A71F}.Debug|Any CPU.ActiveCfg = Debug|Any CPU
		{F4BEB95B-476B-4FC9-A7FC-4AC039A3A71F}.Debug|Any CPU.Build.0 = Debug|Any CPU
		{F4BEB95B-476B-4FC9-A7FC-4AC039A3A71F}.Release|Any CPU.ActiveCfg = Release|Any CPU
		{F4BEB95B-476B-4FC9-A7FC-4AC039A3A71F}.Release|Any CPU.Build.0 = Release|Any CPU
		{C61C11B2-C317-4F1F-9175-4B9C83339714}.Debug|Any CPU.ActiveCfg = Debug|Any CPU
		{C61C11B2-C317-4F1F-9175-4B9C83339714}.Debug|Any CPU.Build.0 = Debug|Any CPU
		{C61C11B2-C317-4F1F-9175-4B9C83339714}.Release|Any CPU.ActiveCfg = Release|Any CPU
		{C61C11B2-C317-4F1F-9175-4B9C83339714}.Release|Any CPU.Build.0 = Release|Any CPU
		{70E6C40F-1FAD-4F6A-9590-656239CD1988}.Debug|Any CPU.ActiveCfg = Debug|Any CPU
		{70E6C40F-1FAD-4F6A-9590-656239CD1988}.Debug|Any CPU.Build.0 = Debug|Any CPU
		{70E6C40F-1FAD-4F6A-9590-656239CD1988}.Release|Any CPU.ActiveCfg = Release|Any CPU
		{70E6C40F-1FAD-4F6A-9590-656239CD1988}.Release|Any CPU.Build.0 = Release|Any CPU
		{DB0CA644-04F1-4B00-9986-048DEC92EACC}.Debug|Any CPU.ActiveCfg = Debug|Any CPU
		{DB0CA644-04F1-4B00-9986-048DEC92EACC}.Debug|Any CPU.Build.0 = Debug|Any CPU
		{DB0CA644-04F1-4B00-9986-048DEC92EACC}.Release|Any CPU.ActiveCfg = Release|Any CPU
		{DB0CA644-04F1-4B00-9986-048DEC92EACC}.Release|Any CPU.Build.0 = Release|Any CPU
		{5FA46691-B1B9-4340-B088-8EEA1C33724A}.Debug|Any CPU.ActiveCfg = Debug|Any CPU
		{5FA46691-B1B9-4340-B088-8EEA1C33724A}.Debug|Any CPU.Build.0 = Debug|Any CPU
		{5FA46691-B1B9-4340-B088-8EEA1C33724A}.Release|Any CPU.ActiveCfg = Release|Any CPU
		{5FA46691-B1B9-4340-B088-8EEA1C33724A}.Release|Any CPU.Build.0 = Release|Any CPU
		{4BA59C22-5D8B-4E99-B979-89440BCC4301}.Debug|Any CPU.ActiveCfg = Debug|Any CPU
		{4BA59C22-5D8B-4E99-B979-89440BCC4301}.Debug|Any CPU.Build.0 = Debug|Any CPU
		{4BA59C22-5D8B-4E99-B979-89440BCC4301}.Release|Any CPU.ActiveCfg = Release|Any CPU
		{4BA59C22-5D8B-4E99-B979-89440BCC4301}.Release|Any CPU.Build.0 = Release|Any CPU
		{D36AFDDB-BB49-4862-ACF9-BE40F6BC6F67}.Debug|Any CPU.ActiveCfg = Debug|Any CPU
		{D36AFDDB-BB49-4862-ACF9-BE40F6BC6F67}.Debug|Any CPU.Build.0 = Debug|Any CPU
		{D36AFDDB-BB49-4862-ACF9-BE40F6BC6F67}.Release|Any CPU.ActiveCfg = Release|Any CPU
		{D36AFDDB-BB49-4862-ACF9-BE40F6BC6F67}.Release|Any CPU.Build.0 = Release|Any CPU
		{AE13D083-7F23-4F2A-9332-944163CD48A3}.Debug|Any CPU.ActiveCfg = Debug|Any CPU
		{AE13D083-7F23-4F2A-9332-944163CD48A3}.Debug|Any CPU.Build.0 = Debug|Any CPU
		{AE13D083-7F23-4F2A-9332-944163CD48A3}.Release|Any CPU.ActiveCfg = Release|Any CPU
		{AE13D083-7F23-4F2A-9332-944163CD48A3}.Release|Any CPU.Build.0 = Release|Any CPU
	EndGlobalSection
	GlobalSection(SolutionProperties) = preSolution
		HideSolutionNode = FALSE
	EndGlobalSection
	GlobalSection(NestedProjects) = preSolution
		{70E6C40F-1FAD-4F6A-9590-656239CD1988} = {0DFD2BA8-9CC7-4F1B-BA73-1F8752E9A183}
		{4BA59C22-5D8B-4E99-B979-89440BCC4301} = {0DFD2BA8-9CC7-4F1B-BA73-1F8752E9A183}
		{D36AFDDB-BB49-4862-ACF9-BE40F6BC6F67} = {0DFD2BA8-9CC7-4F1B-BA73-1F8752E9A183}
		{AE13D083-7F23-4F2A-9332-944163CD48A3} = {0603D462-F14D-4B9C-8500-8D32FB274811}
	EndGlobalSection
	GlobalSection(ExtensibilityGlobals) = postSolution
		SolutionGuid = {A5C26E36-9AE3-43A2-8625-B6998AB11E61}
	EndGlobalSection
EndGlobal
