
Microsoft Visual Studio Solution File, Format Version 12.00
# Visual Studio Version 16
VisualStudioVersion = 16.0.28803.202
MinimumVisualStudioVersion = 10.0.40219.1
Project("{9A19103F-16F7-4668-BE54-9A1E7A4F7556}") = "Common.Domain", "Common.Domain\Common.Domain.csproj", "{229FCA75-1BE9-4634-B48A-DBD12DACB558}"
EndProject
Project("{9A19103F-16F7-4668-BE54-9A1E7A4F7556}") = "Common.Infrastructure", "Common.Infrastructure\Common.Infrastructure.csproj", "{ADAE3D39-9C3D-4DC8-B5B5-D9D17FB7C154}"
EndProject
Project("{FAE04EC0-301F-11D3-BF4B-00C04F79EFBC}") = "Common.Web", "Common.Web\Common.Web.csproj", "{54C3BF59-0DD1-4844-B0C4-5676AFB8B74D}"
EndProject
Global
	GlobalSection(SolutionConfigurationPlatforms) = preSolution
		Debug|Any CPU = Debug|Any CPU
		Release|Any CPU = Release|Any CPU
	EndGlobalSection
	GlobalSection(ProjectConfigurationPlatforms) = postSolution
		{229FCA75-1BE9-4634-B48A-DBD12DACB558}.Debug|Any CPU.ActiveCfg = Debug|Any CPU
		{229FCA75-1BE9-4634-B48A-DBD12DACB558}.Debug|Any CPU.Build.0 = Debug|Any CPU
		{229FCA75-1BE9-4634-B48A-DBD12DACB558}.Release|Any CPU.ActiveCfg = Release|Any CPU
		{229FCA75-1BE9-4634-B48A-DBD12DACB558}.Release|Any CPU.Build.0 = Release|Any CPU
		{ADAE3D39-9C3D-4DC8-B5B5-D9D17FB7C154}.Debug|Any CPU.ActiveCfg = Debug|Any CPU
		{ADAE3D39-9C3D-4DC8-B5B5-D9D17FB7C154}.Debug|Any CPU.Build.0 = Debug|Any CPU
		{ADAE3D39-9C3D-4DC8-B5B5-D9D17FB7C154}.Release|Any CPU.ActiveCfg = Release|Any CPU
		{ADAE3D39-9C3D-4DC8-B5B5-D9D17FB7C154}.Release|Any CPU.Build.0 = Release|Any CPU
		{54C3BF59-0DD1-4844-B0C4-5676AFB8B74D}.Debug|Any CPU.ActiveCfg = Debug|Any CPU
		{54C3BF59-0DD1-4844-B0C4-5676AFB8B74D}.Debug|Any CPU.Build.0 = Debug|Any CPU
		{54C3BF59-0DD1-4844-B0C4-5676AFB8B74D}.Release|Any CPU.ActiveCfg = Release|Any CPU
		{54C3BF59-0DD1-4844-B0C4-5676AFB8B74D}.Release|Any CPU.Build.0 = Release|Any CPU
	EndGlobalSection
	GlobalSection(SolutionProperties) = preSolution
		HideSolutionNode = FALSE
	EndGlobalSection
	GlobalSection(ExtensibilityGlobals) = postSolution
		SolutionGuid = {018D4574-CF42-47AF-AB55-1B35463F73E5}
	EndGlobalSection
EndGlobal
